// !$*UTF8*$!
{
	archiveVersion = 1;
	classes = {
	};
	objectVersion = 56;
	objects = {

/* Begin PBXBuildFile section */
		AA1ECA1B2C636B1F0062A5AD /* main.swift in Sources */ = {isa = PBXBuildFile; fileRef = AA1ECA1A2C636B1F0062A5AD /* main.swift */; };
		AA95B0FE2C64AE0700C7CDAC /* Person.swift in Sources */ = {isa = PBXBuildFile; fileRef = AA95B0FD2C64AE0700C7CDAC /* Person.swift */; };
		AA95B1002C64AEC600C7CDAC /* Level.swift in Sources */ = {isa = PBXBuildFile; fileRef = AA95B0FF2C64AEC600C7CDAC /* Level.swift */; };
		AA95B1022C64AF1400C7CDAC /* Talent.swift in Sources */ = {isa = PBXBuildFile; fileRef = AA95B1012C64AF1400C7CDAC /* Talent.swift */; };
		AA95B1042C64AF8100C7CDAC /* BadPersonality.swift in Sources */ = {isa = PBXBuildFile; fileRef = AA95B1032C64AF8100C7CDAC /* BadPersonality.swift */; };
		AA95B1062C64AFF900C7CDAC /* TalentedPerson.swift in Sources */ = {isa = PBXBuildFile; fileRef = AA95B1052C64AFF900C7CDAC /* TalentedPerson.swift */; };
		AA95B1082C64B0A300C7CDAC /* TalentedPersonWithBadPersonality.swift in Sources */ = {isa = PBXBuildFile; fileRef = AA95B1072C64B0A200C7CDAC /* TalentedPersonWithBadPersonality.swift */; };
		AA95B10A2C64B13F00C7CDAC /* AuditionManager.swift in Sources */ = {isa = PBXBuildFile; fileRef = AA95B1092C64B13F00C7CDAC /* AuditionManager.swift */; };
		AA95B10C2C64B5B500C7CDAC /* TalentTypeError.swift in Sources */ = {isa = PBXBuildFile; fileRef = AA95B10B2C64B5B500C7CDAC /* TalentTypeError.swift */; };
		AA95B10E2C64C02000C7CDAC /* AuditionCast.swift in Sources */ = {isa = PBXBuildFile; fileRef = AA95B10D2C64C02000C7CDAC /* AuditionCast.swift */; };
		AA95B1102C64C58500C7CDAC /* MagicNumber.swift in Sources */ = {isa = PBXBuildFile; fileRef = AA95B10F2C64C58500C7CDAC /* MagicNumber.swift */; };
/* End PBXBuildFile section */

/* Begin PBXCopyFilesBuildPhase section */
		AA1ECA152C636B1F0062A5AD /* CopyFiles */ = {
			isa = PBXCopyFilesBuildPhase;
			buildActionMask = 2147483647;
			dstPath = /usr/share/man/man1/;
			dstSubfolderSpec = 0;
			files = (
			);
			runOnlyForDeploymentPostprocessing = 1;
		};
/* End PBXCopyFilesBuildPhase section */

/* Begin PBXFileReference section */
		AA1ECA172C636B1F0062A5AD /* CodeStarterCamp_Week5 */ = {isa = PBXFileReference; explicitFileType = "compiled.mach-o.executable"; includeInIndex = 0; path = CodeStarterCamp_Week5; sourceTree = BUILT_PRODUCTS_DIR; };
		AA1ECA1A2C636B1F0062A5AD /* main.swift */ = {isa = PBXFileReference; lastKnownFileType = sourcecode.swift; path = main.swift; sourceTree = "<group>"; };
		AA95B0FD2C64AE0700C7CDAC /* Person.swift */ = {isa = PBXFileReference; lastKnownFileType = sourcecode.swift; path = Person.swift; sourceTree = "<group>"; };
		AA95B0FF2C64AEC600C7CDAC /* Level.swift */ = {isa = PBXFileReference; lastKnownFileType = sourcecode.swift; path = Level.swift; sourceTree = "<group>"; };
		AA95B1012C64AF1400C7CDAC /* Talent.swift */ = {isa = PBXFileReference; lastKnownFileType = sourcecode.swift; path = Talent.swift; sourceTree = "<group>"; };
		AA95B1032C64AF8100C7CDAC /* BadPersonality.swift */ = {isa = PBXFileReference; lastKnownFileType = sourcecode.swift; path = BadPersonality.swift; sourceTree = "<group>"; };
		AA95B1052C64AFF900C7CDAC /* TalentedPerson.swift */ = {isa = PBXFileReference; lastKnownFileType = sourcecode.swift; path = TalentedPerson.swift; sourceTree = "<group>"; };
		AA95B1072C64B0A200C7CDAC /* TalentedPersonWithBadPersonality.swift */ = {isa = PBXFileReference; lastKnownFileType = sourcecode.swift; path = TalentedPersonWithBadPersonality.swift; sourceTree = "<group>"; };
		AA95B1092C64B13F00C7CDAC /* AuditionManager.swift */ = {isa = PBXFileReference; lastKnownFileType = sourcecode.swift; path = AuditionManager.swift; sourceTree = "<group>"; };
		AA95B10B2C64B5B500C7CDAC /* TalentTypeError.swift */ = {isa = PBXFileReference; lastKnownFileType = sourcecode.swift; path = TalentTypeError.swift; sourceTree = "<group>"; };
		AA95B10D2C64C02000C7CDAC /* AuditionCast.swift */ = {isa = PBXFileReference; lastKnownFileType = sourcecode.swift; path = AuditionCast.swift; sourceTree = "<group>"; };
		AA95B10F2C64C58500C7CDAC /* MagicNumber.swift */ = {isa = PBXFileReference; lastKnownFileType = sourcecode.swift; path = MagicNumber.swift; sourceTree = "<group>"; };
/* End PBXFileReference section */

/* Begin PBXFrameworksBuildPhase section */
		AA1ECA142C636B1F0062A5AD /* Frameworks */ = {
			isa = PBXFrameworksBuildPhase;
			buildActionMask = 2147483647;
			files = (
			);
			runOnlyForDeploymentPostprocessing = 0;
		};
/* End PBXFrameworksBuildPhase section */

/* Begin PBXGroup section */
		AA1ECA0E2C636B1F0062A5AD = {
			isa = PBXGroup;
			children = (
				AA1ECA192C636B1F0062A5AD /* CodeStarterCamp_Week5 */,
				AA1ECA182C636B1F0062A5AD /* Products */,
			);
			sourceTree = "<group>";
		};
		AA1ECA182C636B1F0062A5AD /* Products */ = {
			isa = PBXGroup;
			children = (
				AA1ECA172C636B1F0062A5AD /* CodeStarterCamp_Week5 */,
			);
			name = Products;
			sourceTree = "<group>";
		};
		AA1ECA192C636B1F0062A5AD /* CodeStarterCamp_Week5 */ = {
			isa = PBXGroup;
			children = (
				AA95B0FD2C64AE0700C7CDAC /* Person.swift */,
				AA95B0FF2C64AEC600C7CDAC /* Level.swift */,
				AA95B1012C64AF1400C7CDAC /* Talent.swift */,
				AA95B1032C64AF8100C7CDAC /* BadPersonality.swift */,
				AA95B1052C64AFF900C7CDAC /* TalentedPerson.swift */,
				AA95B1072C64B0A200C7CDAC /* TalentedPersonWithBadPersonality.swift */,
				AA95B1092C64B13F00C7CDAC /* AuditionManager.swift */,
				AA95B10D2C64C02000C7CDAC /* AuditionCast.swift */,
				AA95B10B2C64B5B500C7CDAC /* TalentTypeError.swift */,
				AA95B10F2C64C58500C7CDAC /* MagicNumber.swift */,
				AA1ECA1A2C636B1F0062A5AD /* main.swift */,
			);
			path = CodeStarterCamp_Week5;
			sourceTree = "<group>";
		};
/* End PBXGroup section */

/* Begin PBXNativeTarget section */
		AA1ECA162C636B1F0062A5AD /* CodeStarterCamp_Week5 */ = {
			isa = PBXNativeTarget;
			buildConfigurationList = AA1ECA1E2C636B1F0062A5AD /* Build configuration list for PBXNativeTarget "CodeStarterCamp_Week5" */;
			buildPhases = (
				AA1ECA132C636B1F0062A5AD /* Sources */,
				AA1ECA142C636B1F0062A5AD /* Frameworks */,
				AA1ECA152C636B1F0062A5AD /* CopyFiles */,
			);
			buildRules = (
			);
			dependencies = (
			);
			name = CodeStarterCamp_Week5;
			productName = CodeStarterCamp_Week5;
			productReference = AA1ECA172C636B1F0062A5AD /* CodeStarterCamp_Week5 */;
			productType = "com.apple.product-type.tool";
		};
/* End PBXNativeTarget section */

/* Begin PBXProject section */
		AA1ECA0F2C636B1F0062A5AD /* Project object */ = {
			isa = PBXProject;
			attributes = {
				BuildIndependentTargetsInParallel = 1;
				LastSwiftUpdateCheck = 1540;
				LastUpgradeCheck = 1540;
				TargetAttributes = {
					AA1ECA162C636B1F0062A5AD = {
						CreatedOnToolsVersion = 15.4;
					};
				};
			};
			buildConfigurationList = AA1ECA122C636B1F0062A5AD /* Build configuration list for PBXProject "CodeStarterCamp_Week5" */;
			compatibilityVersion = "Xcode 14.0";
			developmentRegion = en;
			hasScannedForEncodings = 0;
			knownRegions = (
				en,
				Base,
			);
			mainGroup = AA1ECA0E2C636B1F0062A5AD;
			productRefGroup = AA1ECA182C636B1F0062A5AD /* Products */;
			projectDirPath = "";
			projectRoot = "";
			targets = (
				AA1ECA162C636B1F0062A5AD /* CodeStarterCamp_Week5 */,
			);
		};
/* End PBXProject section */

/* Begin PBXSourcesBuildPhase section */
		AA1ECA132C636B1F0062A5AD /* Sources */ = {
			isa = PBXSourcesBuildPhase;
			buildActionMask = 2147483647;
			files = (
				AA95B10A2C64B13F00C7CDAC /* AuditionManager.swift in Sources */,
				AA95B1002C64AEC600C7CDAC /* Level.swift in Sources */,
				AA95B1062C64AFF900C7CDAC /* TalentedPerson.swift in Sources */,
				AA95B1082C64B0A300C7CDAC /* TalentedPersonWithBadPersonality.swift in Sources */,
				AA95B0FE2C64AE0700C7CDAC /* Person.swift in Sources */,
				AA95B1102C64C58500C7CDAC /* MagicNumber.swift in Sources */,
				AA95B10E2C64C02000C7CDAC /* AuditionCast.swift in Sources */,
				AA1ECA1B2C636B1F0062A5AD /* main.swift in Sources */,
				AA95B10C2C64B5B500C7CDAC /* TalentTypeError.swift in Sources */,
				AA95B1042C64AF8100C7CDAC /* BadPersonality.swift in Sources */,
				AA95B1022C64AF1400C7CDAC /* Talent.swift in Sources */,
			);
			runOnlyForDeploymentPostprocessing = 0;
		};
/* End PBXSourcesBuildPhase section */

/* Begin XCBuildConfiguration section */
		AA1ECA1C2C636B1F0062A5AD /* Debug */ = {
			isa = XCBuildConfiguration;
			buildSettings = {
				ALWAYS_SEARCH_USER_PATHS = NO;
				ASSETCATALOG_COMPILER_GENERATE_SWIFT_ASSET_SYMBOL_EXTENSIONS = YES;
				CLANG_ANALYZER_NONNULL = YES;
				CLANG_ANALYZER_NUMBER_OBJECT_CONVERSION = YES_AGGRESSIVE;
				CLANG_CXX_LANGUAGE_STANDARD = "gnu++20";
				CLANG_ENABLE_MODULES = YES;
				CLANG_ENABLE_OBJC_ARC = YES;
				CLANG_ENABLE_OBJC_WEAK = YES;
				CLANG_WARN_BLOCK_CAPTURE_AUTORELEASING = YES;
				CLANG_WARN_BOOL_CONVERSION = YES;
				CLANG_WARN_COMMA = YES;
				CLANG_WARN_CONSTANT_CONVERSION = YES;
				CLANG_WARN_DEPRECATED_OBJC_IMPLEMENTATIONS = YES;
				CLANG_WARN_DIRECT_OBJC_ISA_USAGE = YES_ERROR;
				CLANG_WARN_DOCUMENTATION_COMMENTS = YES;
				CLANG_WARN_EMPTY_BODY = YES;
				CLANG_WARN_ENUM_CONVERSION = YES;
				CLANG_WARN_INFINITE_RECURSION = YES;
				CLANG_WARN_INT_CONVERSION = YES;
				CLANG_WARN_NON_LITERAL_NULL_CONVERSION = YES;
				CLANG_WARN_OBJC_IMPLICIT_RETAIN_SELF = YES;
				CLANG_WARN_OBJC_LITERAL_CONVERSION = YES;
				CLANG_WARN_OBJC_ROOT_CLASS = YES_ERROR;
				CLANG_WARN_QUOTED_INCLUDE_IN_FRAMEWORK_HEADER = YES;
				CLANG_WARN_RANGE_LOOP_ANALYSIS = YES;
				CLANG_WARN_STRICT_PROTOTYPES = YES;
				CLANG_WARN_SUSPICIOUS_MOVE = YES;
				CLANG_WARN_UNGUARDED_AVAILABILITY = YES_AGGRESSIVE;
				CLANG_WARN_UNREACHABLE_CODE = YES;
				CLANG_WARN__DUPLICATE_METHOD_MATCH = YES;
				COPY_PHASE_STRIP = NO;
				DEBUG_INFORMATION_FORMAT = dwarf;
				ENABLE_STRICT_OBJC_MSGSEND = YES;
				ENABLE_TESTABILITY = YES;
				ENABLE_USER_SCRIPT_SANDBOXING = YES;
				GCC_C_LANGUAGE_STANDARD = gnu17;
				GCC_DYNAMIC_NO_PIC = NO;
				GCC_NO_COMMON_BLOCKS = YES;
				GCC_OPTIMIZATION_LEVEL = 0;
				GCC_PREPROCESSOR_DEFINITIONS = (
					"DEBUG=1",
					"$(inherited)",
				);
				GCC_WARN_64_TO_32_BIT_CONVERSION = YES;
				GCC_WARN_ABOUT_RETURN_TYPE = YES_ERROR;
				GCC_WARN_UNDECLARED_SELECTOR = YES;
				GCC_WARN_UNINITIALIZED_AUTOS = YES_AGGRESSIVE;
				GCC_WARN_UNUSED_FUNCTION = YES;
				GCC_WARN_UNUSED_VARIABLE = YES;
				LOCALIZATION_PREFERS_STRING_CATALOGS = YES;
				MACOSX_DEPLOYMENT_TARGET = 14.5;
				MTL_ENABLE_DEBUG_INFO = INCLUDE_SOURCE;
				MTL_FAST_MATH = YES;
				ONLY_ACTIVE_ARCH = YES;
				SDKROOT = macosx;
				SWIFT_ACTIVE_COMPILATION_CONDITIONS = "DEBUG $(inherited)";
				SWIFT_OPTIMIZATION_LEVEL = "-Onone";
			};
			name = Debug;
		};
		AA1ECA1D2C636B1F0062A5AD /* Release */ = {
			isa = XCBuildConfiguration;
			buildSettings = {
				ALWAYS_SEARCH_USER_PATHS = NO;
				ASSETCATALOG_COMPILER_GENERATE_SWIFT_ASSET_SYMBOL_EXTENSIONS = YES;
				CLANG_ANALYZER_NONNULL = YES;
				CLANG_ANALYZER_NUMBER_OBJECT_CONVERSION = YES_AGGRESSIVE;
				CLANG_CXX_LANGUAGE_STANDARD = "gnu++20";
				CLANG_ENABLE_MODULES = YES;
				CLANG_ENABLE_OBJC_ARC = YES;
				CLANG_ENABLE_OBJC_WEAK = YES;
				CLANG_WARN_BLOCK_CAPTURE_AUTORELEASING = YES;
				CLANG_WARN_BOOL_CONVERSION = YES;
				CLANG_WARN_COMMA = YES;
				CLANG_WARN_CONSTANT_CONVERSION = YES;
				CLANG_WARN_DEPRECATED_OBJC_IMPLEMENTATIONS = YES;
				CLANG_WARN_DIRECT_OBJC_ISA_USAGE = YES_ERROR;
				CLANG_WARN_DOCUMENTATION_COMMENTS = YES;
				CLANG_WARN_EMPTY_BODY = YES;
				CLANG_WARN_ENUM_CONVERSION = YES;
				CLANG_WARN_INFINITE_RECURSION = YES;
				CLANG_WARN_INT_CONVERSION = YES;
				CLANG_WARN_NON_LITERAL_NULL_CONVERSION = YES;
				CLANG_WARN_OBJC_IMPLICIT_RETAIN_SELF = YES;
				CLANG_WARN_OBJC_LITERAL_CONVERSION = YES;
				CLANG_WARN_OBJC_ROOT_CLASS = YES_ERROR;
				CLANG_WARN_QUOTED_INCLUDE_IN_FRAMEWORK_HEADER = YES;
				CLANG_WARN_RANGE_LOOP_ANALYSIS = YES;
				CLANG_WARN_STRICT_PROTOTYPES = YES;
				CLANG_WARN_SUSPICIOUS_MOVE = YES;
				CLANG_WARN_UNGUARDED_AVAILABILITY = YES_AGGRESSIVE;
				CLANG_WARN_UNREACHABLE_CODE = YES;
				CLANG_WARN__DUPLICATE_METHOD_MATCH = YES;
				COPY_PHASE_STRIP = NO;
				DEBUG_INFORMATION_FORMAT = "dwarf-with-dsym";
				ENABLE_NS_ASSERTIONS = NO;
				ENABLE_STRICT_OBJC_MSGSEND = YES;
				ENABLE_USER_SCRIPT_SANDBOXING = YES;
				GCC_C_LANGUAGE_STANDARD = gnu17;
				GCC_NO_COMMON_BLOCKS = YES;
				GCC_WARN_64_TO_32_BIT_CONVERSION = YES;
				GCC_WARN_ABOUT_RETURN_TYPE = YES_ERROR;
				GCC_WARN_UNDECLARED_SELECTOR = YES;
				GCC_WARN_UNINITIALIZED_AUTOS = YES_AGGRESSIVE;
				GCC_WARN_UNUSED_FUNCTION = YES;
				GCC_WARN_UNUSED_VARIABLE = YES;
				LOCALIZATION_PREFERS_STRING_CATALOGS = YES;
				MACOSX_DEPLOYMENT_TARGET = 14.5;
				MTL_ENABLE_DEBUG_INFO = NO;
				MTL_FAST_MATH = YES;
				SDKROOT = macosx;
				SWIFT_COMPILATION_MODE = wholemodule;
			};
			name = Release;
		};
		AA1ECA1F2C636B1F0062A5AD /* Debug */ = {
			isa = XCBuildConfiguration;
			buildSettings = {
				CODE_SIGN_STYLE = Automatic;
				PRODUCT_NAME = "$(TARGET_NAME)";
				SWIFT_VERSION = 5.0;
			};
			name = Debug;
		};
		AA1ECA202C636B1F0062A5AD /* Release */ = {
			isa = XCBuildConfiguration;
			buildSettings = {
				CODE_SIGN_STYLE = Automatic;
				PRODUCT_NAME = "$(TARGET_NAME)";
				SWIFT_VERSION = 5.0;
			};
			name = Release;
		};
/* End XCBuildConfiguration section */

/* Begin XCConfigurationList section */
		AA1ECA122C636B1F0062A5AD /* Build configuration list for PBXProject "CodeStarterCamp_Week5" */ = {
			isa = XCConfigurationList;
			buildConfigurations = (
				AA1ECA1C2C636B1F0062A5AD /* Debug */,
				AA1ECA1D2C636B1F0062A5AD /* Release */,
			);
			defaultConfigurationIsVisible = 0;
			defaultConfigurationName = Release;
		};
		AA1ECA1E2C636B1F0062A5AD /* Build configuration list for PBXNativeTarget "CodeStarterCamp_Week5" */ = {
			isa = XCConfigurationList;
			buildConfigurations = (
				AA1ECA1F2C636B1F0062A5AD /* Debug */,
				AA1ECA202C636B1F0062A5AD /* Release */,
			);
			defaultConfigurationIsVisible = 0;
			defaultConfigurationName = Release;
		};
/* End XCConfigurationList section */
	};
	rootObject = AA1ECA0F2C636B1F0062A5AD /* Project object */;
}
